// !$*UTF8*$!
{
	archiveVersion = 1;
	classes = {
	};
	objectVersion = 46;
	objects = {

/* Begin PBXBuildFile section */
		F97D4F811DA5B29800924CCE /* AppDelegate.swift in Sources */ = {isa = PBXBuildFile; fileRef = F97D4F801DA5B29800924CCE /* AppDelegate.swift */; };
		F97D4F831DA5B29800924CCE /* GameScene.sks in Resources */ = {isa = PBXBuildFile; fileRef = F97D4F821DA5B29800924CCE /* GameScene.sks */; };
		F97D4F871DA5B29800924CCE /* GameScene.swift in Sources */ = {isa = PBXBuildFile; fileRef = F97D4F861DA5B29800924CCE /* GameScene.swift */; };
		F97D4F891DA5B29800924CCE /* GameViewController.swift in Sources */ = {isa = PBXBuildFile; fileRef = F97D4F881DA5B29800924CCE /* GameViewController.swift */; };
		F97D4F8C1DA5B29800924CCE /* Main.storyboard in Resources */ = {isa = PBXBuildFile; fileRef = F97D4F8A1DA5B29800924CCE /* Main.storyboard */; };
		F97D4F8E1DA5B29800924CCE /* Assets.xcassets in Resources */ = {isa = PBXBuildFile; fileRef = F97D4F8D1DA5B29800924CCE /* Assets.xcassets */; };
		F97D4F911DA5B29800924CCE /* LaunchScreen.storyboard in Resources */ = {isa = PBXBuildFile; fileRef = F97D4F8F1DA5B29800924CCE /* LaunchScreen.storyboard */; };
		F97D4FB51DA5B43600924CCE /* background.jpg in Resources */ = {isa = PBXBuildFile; fileRef = F97D4F991DA5B43600924CCE /* background.jpg */; };
		F97D4FB61DA5B43600924CCE /* background@2x.jpg in Resources */ = {isa = PBXBuildFile; fileRef = F97D4F9A1DA5B43600924CCE /* background@2x.jpg */; };
		F97D4FB71DA5B43600924CCE /* ballBlue.png in Resources */ = {isa = PBXBuildFile; fileRef = F97D4F9B1DA5B43600924CCE /* ballBlue.png */; };
		F97D4FB81DA5B43600924CCE /* ballBlue@2x.png in Resources */ = {isa = PBXBuildFile; fileRef = F97D4F9C1DA5B43600924CCE /* ballBlue@2x.png */; };
		F97D4FB91DA5B43600924CCE /* ballCyan.png in Resources */ = {isa = PBXBuildFile; fileRef = F97D4F9D1DA5B43600924CCE /* ballCyan.png */; };
		F97D4FBA1DA5B43600924CCE /* ballCyan@2x.png in Resources */ = {isa = PBXBuildFile; fileRef = F97D4F9E1DA5B43600924CCE /* ballCyan@2x.png */; };
		F97D4FBB1DA5B43600924CCE /* ballGreen.png in Resources */ = {isa = PBXBuildFile; fileRef = F97D4F9F1DA5B43600924CCE /* ballGreen.png */; };
		F97D4FBC1DA5B43600924CCE /* ballGreen@2x.png in Resources */ = {isa = PBXBuildFile; fileRef = F97D4FA01DA5B43600924CCE /* ballGreen@2x.png */; };
		F97D4FBD1DA5B43600924CCE /* ballGrey.png in Resources */ = {isa = PBXBuildFile; fileRef = F97D4FA11DA5B43600924CCE /* ballGrey.png */; };
		F97D4FBE1DA5B43600924CCE /* ballGrey@2x.png in Resources */ = {isa = PBXBuildFile; fileRef = F97D4FA21DA5B43600924CCE /* ballGrey@2x.png */; };
		F97D4FBF1DA5B43600924CCE /* ballPurple.png in Resources */ = {isa = PBXBuildFile; fileRef = F97D4FA31DA5B43600924CCE /* ballPurple.png */; };
		F97D4FC01DA5B43600924CCE /* ballPurple@2x.png in Resources */ = {isa = PBXBuildFile; fileRef = F97D4FA41DA5B43600924CCE /* ballPurple@2x.png */; };
		F97D4FC11DA5B43600924CCE /* ballRed.png in Resources */ = {isa = PBXBuildFile; fileRef = F97D4FA51DA5B43600924CCE /* ballRed.png */; };
		F97D4FC21DA5B43600924CCE /* ballRed@2x.png in Resources */ = {isa = PBXBuildFile; fileRef = F97D4FA61DA5B43600924CCE /* ballRed@2x.png */; };
		F97D4FC31DA5B43600924CCE /* ballYellow.png in Resources */ = {isa = PBXBuildFile; fileRef = F97D4FA71DA5B43600924CCE /* ballYellow.png */; };
		F97D4FC41DA5B43600924CCE /* ballYellow@2x.png in Resources */ = {isa = PBXBuildFile; fileRef = F97D4FA81DA5B43600924CCE /* ballYellow@2x.png */; };
		F97D4FC51DA5B43600924CCE /* bouncer.png in Resources */ = {isa = PBXBuildFile; fileRef = F97D4FA91DA5B43600924CCE /* bouncer.png */; };
		F97D4FC61DA5B43600924CCE /* bouncer@2x.png in Resources */ = {isa = PBXBuildFile; fileRef = F97D4FAA1DA5B43600924CCE /* bouncer@2x.png */; };
		F97D4FC71DA5B43600924CCE /* FireParticles.sks in Resources */ = {isa = PBXBuildFile; fileRef = F97D4FAB1DA5B43600924CCE /* FireParticles.sks */; };
		F97D4FC81DA5B43600924CCE /* slotBaseBad.png in Resources */ = {isa = PBXBuildFile; fileRef = F97D4FAC1DA5B43600924CCE /* slotBaseBad.png */; };
		F97D4FC91DA5B43600924CCE /* slotBaseBad@2x.png in Resources */ = {isa = PBXBuildFile; fileRef = F97D4FAD1DA5B43600924CCE /* slotBaseBad@2x.png */; };
		F97D4FCA1DA5B43600924CCE /* slotBaseGood.png in Resources */ = {isa = PBXBuildFile; fileRef = F97D4FAE1DA5B43600924CCE /* slotBaseGood.png */; };
		F97D4FCB1DA5B43600924CCE /* slotBaseGood@2x.png in Resources */ = {isa = PBXBuildFile; fileRef = F97D4FAF1DA5B43600924CCE /* slotBaseGood@2x.png */; };
		F97D4FCC1DA5B43600924CCE /* slotGlowBad.png in Resources */ = {isa = PBXBuildFile; fileRef = F97D4FB01DA5B43600924CCE /* slotGlowBad.png */; };
		F97D4FCD1DA5B43600924CCE /* slotGlowBad@2x.png in Resources */ = {isa = PBXBuildFile; fileRef = F97D4FB11DA5B43600924CCE /* slotGlowBad@2x.png */; };
		F97D4FCE1DA5B43600924CCE /* slotGlowGood.png in Resources */ = {isa = PBXBuildFile; fileRef = F97D4FB21DA5B43600924CCE /* slotGlowGood.png */; };
		F97D4FCF1DA5B43600924CCE /* slotGlowGood@2x.png in Resources */ = {isa = PBXBuildFile; fileRef = F97D4FB31DA5B43600924CCE /* slotGlowGood@2x.png */; };
		F97D4FD01DA5B43600924CCE /* spark.png in Resources */ = {isa = PBXBuildFile; fileRef = F97D4FB41DA5B43600924CCE /* spark.png */; };
		F97D4FD21DA5BFFA00924CCE /* Helper.swift in Sources */ = {isa = PBXBuildFile; fileRef = F97D4FD11DA5BFFA00924CCE /* Helper.swift */; };
/* End PBXBuildFile section */

/* Begin PBXFileReference section */
		F97D4F7D1DA5B29800924CCE /* pachinko.app */ = {isa = PBXFileReference; explicitFileType = wrapper.application; includeInIndex = 0; path = pachinko.app; sourceTree = BUILT_PRODUCTS_DIR; };
		F97D4F801DA5B29800924CCE /* AppDelegate.swift */ = {isa = PBXFileReference; lastKnownFileType = sourcecode.swift; path = AppDelegate.swift; sourceTree = "<group>"; };
		F97D4F821DA5B29800924CCE /* GameScene.sks */ = {isa = PBXFileReference; lastKnownFileType = file.sks; path = GameScene.sks; sourceTree = "<group>"; };
		F97D4F861DA5B29800924CCE /* GameScene.swift */ = {isa = PBXFileReference; lastKnownFileType = sourcecode.swift; path = GameScene.swift; sourceTree = "<group>"; };
		F97D4F881DA5B29800924CCE /* GameViewController.swift */ = {isa = PBXFileReference; lastKnownFileType = sourcecode.swift; path = GameViewController.swift; sourceTree = "<group>"; };
		F97D4F8B1DA5B29800924CCE /* Base */ = {isa = PBXFileReference; lastKnownFileType = file.storyboard; name = Base; path = Base.lproj/Main.storyboard; sourceTree = "<group>"; };
		F97D4F8D1DA5B29800924CCE /* Assets.xcassets */ = {isa = PBXFileReference; lastKnownFileType = folder.assetcatalog; path = Assets.xcassets; sourceTree = "<group>"; };
		F97D4F901DA5B29800924CCE /* Base */ = {isa = PBXFileReference; lastKnownFileType = file.storyboard; name = Base; path = Base.lproj/LaunchScreen.storyboard; sourceTree = "<group>"; };
		F97D4F921DA5B29800924CCE /* Info.plist */ = {isa = PBXFileReference; lastKnownFileType = text.plist.xml; path = Info.plist; sourceTree = "<group>"; };
		F97D4F991DA5B43600924CCE /* background.jpg */ = {isa = PBXFileReference; lastKnownFileType = image.jpeg; path = background.jpg; sourceTree = "<group>"; };
		F97D4F9A1DA5B43600924CCE /* background@2x.jpg */ = {isa = PBXFileReference; lastKnownFileType = image.jpeg; path = "background@2x.jpg"; sourceTree = "<group>"; };
		F97D4F9B1DA5B43600924CCE /* ballBlue.png */ = {isa = PBXFileReference; lastKnownFileType = image.png; path = ballBlue.png; sourceTree = "<group>"; };
		F97D4F9C1DA5B43600924CCE /* ballBlue@2x.png */ = {isa = PBXFileReference; lastKnownFileType = image.png; path = "ballBlue@2x.png"; sourceTree = "<group>"; };
		F97D4F9D1DA5B43600924CCE /* ballCyan.png */ = {isa = PBXFileReference; lastKnownFileType = image.png; path = ballCyan.png; sourceTree = "<group>"; };
		F97D4F9E1DA5B43600924CCE /* ballCyan@2x.png */ = {isa = PBXFileReference; lastKnownFileType = image.png; path = "ballCyan@2x.png"; sourceTree = "<group>"; };
		F97D4F9F1DA5B43600924CCE /* ballGreen.png */ = {isa = PBXFileReference; lastKnownFileType = image.png; path = ballGreen.png; sourceTree = "<group>"; };
		F97D4FA01DA5B43600924CCE /* ballGreen@2x.png */ = {isa = PBXFileReference; lastKnownFileType = image.png; path = "ballGreen@2x.png"; sourceTree = "<group>"; };
		F97D4FA11DA5B43600924CCE /* ballGrey.png */ = {isa = PBXFileReference; lastKnownFileType = image.png; path = ballGrey.png; sourceTree = "<group>"; };
		F97D4FA21DA5B43600924CCE /* ballGrey@2x.png */ = {isa = PBXFileReference; lastKnownFileType = image.png; path = "ballGrey@2x.png"; sourceTree = "<group>"; };
		F97D4FA31DA5B43600924CCE /* ballPurple.png */ = {isa = PBXFileReference; lastKnownFileType = image.png; path = ballPurple.png; sourceTree = "<group>"; };
		F97D4FA41DA5B43600924CCE /* ballPurple@2x.png */ = {isa = PBXFileReference; lastKnownFileType = image.png; path = "ballPurple@2x.png"; sourceTree = "<group>"; };
		F97D4FA51DA5B43600924CCE /* ballRed.png */ = {isa = PBXFileReference; lastKnownFileType = image.png; path = ballRed.png; sourceTree = "<group>"; };
		F97D4FA61DA5B43600924CCE /* ballRed@2x.png */ = {isa = PBXFileReference; lastKnownFileType = image.png; path = "ballRed@2x.png"; sourceTree = "<group>"; };
		F97D4FA71DA5B43600924CCE /* ballYellow.png */ = {isa = PBXFileReference; lastKnownFileType = image.png; path = ballYellow.png; sourceTree = "<group>"; };
		F97D4FA81DA5B43600924CCE /* ballYellow@2x.png */ = {isa = PBXFileReference; lastKnownFileType = image.png; path = "ballYellow@2x.png"; sourceTree = "<group>"; };
		F97D4FA91DA5B43600924CCE /* bouncer.png */ = {isa = PBXFileReference; lastKnownFileType = image.png; path = bouncer.png; sourceTree = "<group>"; };
		F97D4FAA1DA5B43600924CCE /* bouncer@2x.png */ = {isa = PBXFileReference; lastKnownFileType = image.png; path = "bouncer@2x.png"; sourceTree = "<group>"; };
		F97D4FAB1DA5B43600924CCE /* FireParticles.sks */ = {isa = PBXFileReference; lastKnownFileType = file.sks; path = FireParticles.sks; sourceTree = "<group>"; };
		F97D4FAC1DA5B43600924CCE /* slotBaseBad.png */ = {isa = PBXFileReference; lastKnownFileType = image.png; path = slotBaseBad.png; sourceTree = "<group>"; };
		F97D4FAD1DA5B43600924CCE /* slotBaseBad@2x.png */ = {isa = PBXFileReference; lastKnownFileType = image.png; path = "slotBaseBad@2x.png"; sourceTree = "<group>"; };
		F97D4FAE1DA5B43600924CCE /* slotBaseGood.png */ = {isa = PBXFileReference; lastKnownFileType = image.png; path = slotBaseGood.png; sourceTree = "<group>"; };
		F97D4FAF1DA5B43600924CCE /* slotBaseGood@2x.png */ = {isa = PBXFileReference; lastKnownFileType = image.png; path = "slotBaseGood@2x.png"; sourceTree = "<group>"; };
		F97D4FB01DA5B43600924CCE /* slotGlowBad.png */ = {isa = PBXFileReference; lastKnownFileType = image.png; path = slotGlowBad.png; sourceTree = "<group>"; };
		F97D4FB11DA5B43600924CCE /* slotGlowBad@2x.png */ = {isa = PBXFileReference; lastKnownFileType = image.png; path = "slotGlowBad@2x.png"; sourceTree = "<group>"; };
		F97D4FB21DA5B43600924CCE /* slotGlowGood.png */ = {isa = PBXFileReference; lastKnownFileType = image.png; path = slotGlowGood.png; sourceTree = "<group>"; };
		F97D4FB31DA5B43600924CCE /* slotGlowGood@2x.png */ = {isa = PBXFileReference; lastKnownFileType = image.png; path = "slotGlowGood@2x.png"; sourceTree = "<group>"; };
		F97D4FB41DA5B43600924CCE /* spark.png */ = {isa = PBXFileReference; lastKnownFileType = image.png; path = spark.png; sourceTree = "<group>"; };
		F97D4FD11DA5BFFA00924CCE /* Helper.swift */ = {isa = PBXFileReference; fileEncoding = 4; lastKnownFileType = sourcecode.swift; path = Helper.swift; sourceTree = "<group>"; };
/* End PBXFileReference section */

/* Begin PBXFrameworksBuildPhase section */
		F97D4F7A1DA5B29800924CCE /* Frameworks */ = {
			isa = PBXFrameworksBuildPhase;
			buildActionMask = 2147483647;
			files = (
			);
			runOnlyForDeploymentPostprocessing = 0;
		};
/* End PBXFrameworksBuildPhase section */

/* Begin PBXGroup section */
		F97D4F741DA5B29800924CCE = {
			isa = PBXGroup;
			children = (
				F97D4F7F1DA5B29800924CCE /* pachinko */,
				F97D4F7E1DA5B29800924CCE /* Products */,
			);
			sourceTree = "<group>";
		};
		F97D4F7E1DA5B29800924CCE /* Products */ = {
			isa = PBXGroup;
			children = (
				F97D4F7D1DA5B29800924CCE /* pachinko.app */,
			);
			name = Products;
			sourceTree = "<group>";
		};
		F97D4F7F1DA5B29800924CCE /* pachinko */ = {
			isa = PBXGroup;
			children = (
				F97D4F801DA5B29800924CCE /* AppDelegate.swift */,
				F97D4F821DA5B29800924CCE /* GameScene.sks */,
				F97D4F861DA5B29800924CCE /* GameScene.swift */,
				F97D4F881DA5B29800924CCE /* GameViewController.swift */,
				F97D4F8A1DA5B29800924CCE /* Main.storyboard */,
				F97D4F8D1DA5B29800924CCE /* Assets.xcassets */,
				F97D4F8F1DA5B29800924CCE /* LaunchScreen.storyboard */,
				F97D4F921DA5B29800924CCE /* Info.plist */,
				F97D4FD11DA5BFFA00924CCE /* Helper.swift */,
				F97D4F981DA5B43600924CCE /* Content */,
			);
			path = pachinko;
			sourceTree = "<group>";
		};
		F97D4F981DA5B43600924CCE /* Content */ = {
			isa = PBXGroup;
			children = (
				F97D4F991DA5B43600924CCE /* background.jpg */,
				F97D4F9A1DA5B43600924CCE /* background@2x.jpg */,
				F97D4F9B1DA5B43600924CCE /* ballBlue.png */,
				F97D4F9C1DA5B43600924CCE /* ballBlue@2x.png */,
				F97D4F9D1DA5B43600924CCE /* ballCyan.png */,
				F97D4F9E1DA5B43600924CCE /* ballCyan@2x.png */,
				F97D4F9F1DA5B43600924CCE /* ballGreen.png */,
				F97D4FA01DA5B43600924CCE /* ballGreen@2x.png */,
				F97D4FA11DA5B43600924CCE /* ballGrey.png */,
				F97D4FA21DA5B43600924CCE /* ballGrey@2x.png */,
				F97D4FA31DA5B43600924CCE /* ballPurple.png */,
				F97D4FA41DA5B43600924CCE /* ballPurple@2x.png */,
				F97D4FA51DA5B43600924CCE /* ballRed.png */,
				F97D4FA61DA5B43600924CCE /* ballRed@2x.png */,
				F97D4FA71DA5B43600924CCE /* ballYellow.png */,
				F97D4FA81DA5B43600924CCE /* ballYellow@2x.png */,
				F97D4FA91DA5B43600924CCE /* bouncer.png */,
				F97D4FAA1DA5B43600924CCE /* bouncer@2x.png */,
				F97D4FAB1DA5B43600924CCE /* FireParticles.sks */,
				F97D4FAC1DA5B43600924CCE /* slotBaseBad.png */,
				F97D4FAD1DA5B43600924CCE /* slotBaseBad@2x.png */,
				F97D4FAE1DA5B43600924CCE /* slotBaseGood.png */,
				F97D4FAF1DA5B43600924CCE /* slotBaseGood@2x.png */,
				F97D4FB01DA5B43600924CCE /* slotGlowBad.png */,
				F97D4FB11DA5B43600924CCE /* slotGlowBad@2x.png */,
				F97D4FB21DA5B43600924CCE /* slotGlowGood.png */,
				F97D4FB31DA5B43600924CCE /* slotGlowGood@2x.png */,
				F97D4FB41DA5B43600924CCE /* spark.png */,
			);
			path = Content;
			sourceTree = "<group>";
		};
/* End PBXGroup section */

/* Begin PBXNativeTarget section */
		F97D4F7C1DA5B29800924CCE /* pachinko */ = {
			isa = PBXNativeTarget;
			buildConfigurationList = F97D4F951DA5B29800924CCE /* Build configuration list for PBXNativeTarget "pachinko" */;
			buildPhases = (
				F97D4F791DA5B29800924CCE /* Sources */,
				F97D4F7A1DA5B29800924CCE /* Frameworks */,
				F97D4F7B1DA5B29800924CCE /* Resources */,
			);
			buildRules = (
			);
			dependencies = (
			);
			name = pachinko;
			productName = pachinko;
			productReference = F97D4F7D1DA5B29800924CCE /* pachinko.app */;
			productType = "com.apple.product-type.application";
		};
/* End PBXNativeTarget section */

/* Begin PBXProject section */
		F97D4F751DA5B29800924CCE /* Project object */ = {
			isa = PBXProject;
			attributes = {
				LastSwiftUpdateCheck = 0810;
				LastUpgradeCheck = 0810;
				ORGANIZATIONNAME = "Adam Goth";
				TargetAttributes = {
					F97D4F7C1DA5B29800924CCE = {
						CreatedOnToolsVersion = 8.1;
						ProvisioningStyle = Automatic;
					};
				};
			};
			buildConfigurationList = F97D4F781DA5B29800924CCE /* Build configuration list for PBXProject "pachinko" */;
			compatibilityVersion = "Xcode 3.2";
			developmentRegion = English;
			hasScannedForEncodings = 0;
			knownRegions = (
				en,
				Base,
			);
			mainGroup = F97D4F741DA5B29800924CCE;
			productRefGroup = F97D4F7E1DA5B29800924CCE /* Products */;
			projectDirPath = "";
			projectRoot = "";
			targets = (
				F97D4F7C1DA5B29800924CCE /* pachinko */,
			);
		};
/* End PBXProject section */

/* Begin PBXResourcesBuildPhase section */
		F97D4F7B1DA5B29800924CCE /* Resources */ = {
			isa = PBXResourcesBuildPhase;
			buildActionMask = 2147483647;
			files = (
				F97D4FBE1DA5B43600924CCE /* ballGrey@2x.png in Resources */,
				F97D4FC01DA5B43600924CCE /* ballPurple@2x.png in Resources */,
				F97D4FCD1DA5B43600924CCE /* slotGlowBad@2x.png in Resources */,
				F97D4FB91DA5B43600924CCE /* ballCyan.png in Resources */,
				F97D4FCA1DA5B43600924CCE /* slotBaseGood.png in Resources */,
				F97D4F8C1DA5B29800924CCE /* Main.storyboard in Resources */,
				F97D4FB71DA5B43600924CCE /* ballBlue.png in Resources */,
				F97D4FCE1DA5B43600924CCE /* slotGlowGood.png in Resources */,
				F97D4FC91DA5B43600924CCE /* slotBaseBad@2x.png in Resources */,
				F97D4FC41DA5B43600924CCE /* ballYellow@2x.png in Resources */,
				F97D4FC81DA5B43600924CCE /* slotBaseBad.png in Resources */,
				F97D4FB51DA5B43600924CCE /* background.jpg in Resources */,
				F97D4FCB1DA5B43600924CCE /* slotBaseGood@2x.png in Resources */,
				F97D4FC61DA5B43600924CCE /* bouncer@2x.png in Resources */,
				F97D4FC11DA5B43600924CCE /* ballRed.png in Resources */,
				F97D4FC71DA5B43600924CCE /* FireParticles.sks in Resources */,
				F97D4FC21DA5B43600924CCE /* ballRed@2x.png in Resources */,
				F97D4F831DA5B29800924CCE /* GameScene.sks in Resources */,
				F97D4FCC1DA5B43600924CCE /* slotGlowBad.png in Resources */,
				F97D4F8E1DA5B29800924CCE /* Assets.xcassets in Resources */,
				F97D4FC31DA5B43600924CCE /* ballYellow.png in Resources */,
				F97D4FC51DA5B43600924CCE /* bouncer.png in Resources */,
				F97D4FBB1DA5B43600924CCE /* ballGreen.png in Resources */,
				F97D4FB61DA5B43600924CCE /* background@2x.jpg in Resources */,
				F97D4F911DA5B29800924CCE /* LaunchScreen.storyboard in Resources */,
				F97D4FBD1DA5B43600924CCE /* ballGrey.png in Resources */,
				F97D4FBC1DA5B43600924CCE /* ballGreen@2x.png in Resources */,
				F97D4FBA1DA5B43600924CCE /* ballCyan@2x.png in Resources */,
				F97D4FCF1DA5B43600924CCE /* slotGlowGood@2x.png in Resources */,
				F97D4FD01DA5B43600924CCE /* spark.png in Resources */,
				F97D4FBF1DA5B43600924CCE /* ballPurple.png in Resources */,
				F97D4FB81DA5B43600924CCE /* ballBlue@2x.png in Resources */,
			);
			runOnlyForDeploymentPostprocessing = 0;
		};
/* End PBXResourcesBuildPhase section */

/* Begin PBXSourcesBuildPhase section */
		F97D4F791DA5B29800924CCE /* Sources */ = {
			isa = PBXSourcesBuildPhase;
			buildActionMask = 2147483647;
			files = (
				F97D4F871DA5B29800924CCE /* GameScene.swift in Sources */,
				F97D4F891DA5B29800924CCE /* GameViewController.swift in Sources */,
				F97D4F811DA5B29800924CCE /* AppDelegate.swift in Sources */,
				F97D4FD21DA5BFFA00924CCE /* Helper.swift in Sources */,
			);
			runOnlyForDeploymentPostprocessing = 0;
		};
/* End PBXSourcesBuildPhase section */

/* Begin PBXVariantGroup section */
		F97D4F8A1DA5B29800924CCE /* Main.storyboard */ = {
			isa = PBXVariantGroup;
			children = (
				F97D4F8B1DA5B29800924CCE /* Base */,
			);
			name = Main.storyboard;
			sourceTree = "<group>";
		};
		F97D4F8F1DA5B29800924CCE /* LaunchScreen.storyboard */ = {
			isa = PBXVariantGroup;
			children = (
				F97D4F901DA5B29800924CCE /* Base */,
			);
			name = LaunchScreen.storyboard;
			sourceTree = "<group>";
		};
/* End PBXVariantGroup section */

/* Begin XCBuildConfiguration section */
		F97D4F931DA5B29800924CCE /* Debug */ = {
			isa = XCBuildConfiguration;
			buildSettings = {
				ALWAYS_SEARCH_USER_PATHS = NO;
				CLANG_ANALYZER_NONNULL = YES;
				CLANG_CXX_LANGUAGE_STANDARD = "gnu++0x";
				CLANG_CXX_LIBRARY = "libc++";
				CLANG_ENABLE_MODULES = YES;
				CLANG_ENABLE_OBJC_ARC = YES;
				CLANG_WARN_BOOL_CONVERSION = YES;
				CLANG_WARN_CONSTANT_CONVERSION = YES;
				CLANG_WARN_DIRECT_OBJC_ISA_USAGE = YES_ERROR;
				CLANG_WARN_DOCUMENTATION_COMMENTS = YES;
				CLANG_WARN_EMPTY_BODY = YES;
				CLANG_WARN_ENUM_CONVERSION = YES;
				CLANG_WARN_INFINITE_RECURSION = YES;
				CLANG_WARN_INT_CONVERSION = YES;
				CLANG_WARN_OBJC_ROOT_CLASS = YES_ERROR;
				CLANG_WARN_SUSPICIOUS_MOVES = YES;
				CLANG_WARN_UNREACHABLE_CODE = YES;
				CLANG_WARN__DUPLICATE_METHOD_MATCH = YES;
				"CODE_SIGN_IDENTITY[sdk=iphoneos*]" = "iPhone Developer";
				COPY_PHASE_STRIP = NO;
				DEBUG_INFORMATION_FORMAT = dwarf;
				ENABLE_STRICT_OBJC_MSGSEND = YES;
				ENABLE_TESTABILITY = YES;
				GCC_C_LANGUAGE_STANDARD = gnu99;
				GCC_DYNAMIC_NO_PIC = NO;
				GCC_NO_COMMON_BLOCKS = YES;
				GCC_OPTIMIZATION_LEVEL = 0;
				GCC_PREPROCESSOR_DEFINITIONS = (
					"DEBUG=1",
					"$(inherited)",
				);
				GCC_WARN_64_TO_32_BIT_CONVERSION = YES;
				GCC_WARN_ABOUT_RETURN_TYPE = YES_ERROR;
				GCC_WARN_UNDECLARED_SELECTOR = YES;
				GCC_WARN_UNINITIALIZED_AUTOS = YES_AGGRESSIVE;
				GCC_WARN_UNUSED_FUNCTION = YES;
				GCC_WARN_UNUSED_VARIABLE = YES;
				IPHONEOS_DEPLOYMENT_TARGET = 10.1;
				MTL_ENABLE_DEBUG_INFO = YES;
				ONLY_ACTIVE_ARCH = YES;
				SDKROOT = iphoneos;
				SWIFT_ACTIVE_COMPILATION_CONDITIONS = DEBUG;
				SWIFT_OPTIMIZATION_LEVEL = "-Onone";
				TARGETED_DEVICE_FAMILY = 2;
			};
			name = Debug;
		};
		F97D4F941DA5B29800924CCE /* Release */ = {
			isa = XCBuildConfiguration;
			buildSettings = {
				ALWAYS_SEARCH_USER_PATHS = NO;
				CLANG_ANALYZER_NONNULL = YES;
				CLANG_CXX_LANGUAGE_STANDARD = "gnu++0x";
				CLANG_CXX_LIBRARY = "libc++";
				CLANG_ENABLE_MODULES = YES;
				CLANG_ENABLE_OBJC_ARC = YES;
				CLANG_WARN_BOOL_CONVERSION = YES;
				CLANG_WARN_CONSTANT_CONVERSION = YES;
				CLANG_WARN_DIRECT_OBJC_ISA_USAGE = YES_ERROR;
				CLANG_WARN_DOCUMENTATION_COMMENTS = YES;
				CLANG_WARN_EMPTY_BODY = YES;
				CLANG_WARN_ENUM_CONVERSION = YES;
				CLANG_WARN_INFINITE_RECURSION = YES;
				CLANG_WARN_INT_CONVERSION = YES;
				CLANG_WARN_OBJC_ROOT_CLASS = YES_ERROR;
				CLANG_WARN_SUSPICIOUS_MOVES = YES;
				CLANG_WARN_UNREACHABLE_CODE = YES;
				CLANG_WARN__DUPLICATE_METHOD_MATCH = YES;
				"CODE_SIGN_IDENTITY[sdk=iphoneos*]" = "iPhone Developer";
				COPY_PHASE_STRIP = NO;
				DEBUG_INFORMATION_FORMAT = "dwarf-with-dsym";
				ENABLE_NS_ASSERTIONS = NO;
				ENABLE_STRICT_OBJC_MSGSEND = YES;
				GCC_C_LANGUAGE_STANDARD = gnu99;
				GCC_NO_COMMON_BLOCKS = YES;
				GCC_WARN_64_TO_32_BIT_CONVERSION = YES;
				GCC_WARN_ABOUT_RETURN_TYPE = YES_ERROR;
				GCC_WARN_UNDECLARED_SELECTOR = YES;
				GCC_WARN_UNINITIALIZED_AUTOS = YES_AGGRESSIVE;
				GCC_WARN_UNUSED_FUNCTION = YES;
				GCC_WARN_UNUSED_VARIABLE = YES;
				IPHONEOS_DEPLOYMENT_TARGET = 10.1;
				MTL_ENABLE_DEBUG_INFO = NO;
				SDKROOT = iphoneos;
				SWIFT_OPTIMIZATION_LEVEL = "-Owholemodule";
				TARGETED_DEVICE_FAMILY = 2;
				VALIDATE_PRODUCT = YES;
			};
			name = Release;
		};
		F97D4F961DA5B29800924CCE /* Debug */ = {
			isa = XCBuildConfiguration;
			buildSettings = {
				ASSETCATALOG_COMPILER_APPICON_NAME = AppIcon;
				INFOPLIST_FILE = pachinko/Info.plist;
				LD_RUNPATH_SEARCH_PATHS = "$(inherited) @executable_path/Frameworks";
				PRODUCT_BUNDLE_IDENTIFIER = com.adamgoth.pachinko;
				PRODUCT_NAME = "$(TARGET_NAME)";
				SWIFT_VERSION = 3.0;
			};
			name = Debug;
		};
		F97D4F971DA5B29800924CCE /* Release */ = {
			isa = XCBuildConfiguration;
			buildSettings = {
				ASSETCATALOG_COMPILER_APPICON_NAME = AppIcon;
				INFOPLIST_FILE = pachinko/Info.plist;
				LD_RUNPATH_SEARCH_PATHS = "$(inherited) @executable_path/Frameworks";
				PRODUCT_BUNDLE_IDENTIFIER = com.adamgoth.pachinko;
				PRODUCT_NAME = "$(TARGET_NAME)";
				SWIFT_VERSION = 3.0;
			};
			name = Release;
		};
/* End XCBuildConfiguration section */

/* Begin XCConfigurationList section */
		F97D4F781DA5B29800924CCE /* Build configuration list for PBXProject "pachinko" */ = {
			isa = XCConfigurationList;
			buildConfigurations = (
				F97D4F931DA5B29800924CCE /* Debug */,
				F97D4F941DA5B29800924CCE /* Release */,
			);
			defaultConfigurationIsVisible = 0;
			defaultConfigurationName = Release;
		};
		F97D4F951DA5B29800924CCE /* Build configuration list for PBXNativeTarget "pachinko" */ = {
			isa = XCConfigurationList;
			buildConfigurations = (
				F97D4F961DA5B29800924CCE /* Debug */,
				F97D4F971DA5B29800924CCE /* Release */,
			);
			defaultConfigurationIsVisible = 0;
		};
/* End XCConfigurationList section */
	};
	rootObject = F97D4F751DA5B29800924CCE /* Project object */;
}
